// !$*UTF8*$!
{
	archiveVersion = 1;
	classes = {
	};
	objectVersion = 77;
	objects = {

/* Begin PBXContainerItemProxy section */
		4B0DE41B2DF6FD6600DA056C /* PBXContainerItemProxy */ = {
			isa = PBXContainerItemProxy;
			containerPortal = 4B0DE4052DF6FD6400DA056C /* Project object */;
			proxyType = 1;
			remoteGlobalIDString = 4B0DE40C2DF6FD6400DA056C;
			remoteInfo = mineChat;
		};
		4B0DE4252DF6FD6600DA056C /* PBXContainerItemProxy */ = {
			isa = PBXContainerItemProxy;
			containerPortal = 4B0DE4052DF6FD6400DA056C /* Project object */;
			proxyType = 1;
			remoteGlobalIDString = 4B0DE40C2DF6FD6400DA056C;
			remoteInfo = mineChat;
		};
/* End PBXContainerItemProxy section */

/* Begin PBXFileReference section */
		4B0DE40D2DF6FD6400DA056C /* mineChat.app */ = {isa = PBXFileReference; explicitFileType = wrapper.application; includeInIndex = 0; path = mineChat.app; sourceTree = BUILT_PRODUCTS_DIR; };
		4B0DE41A2DF6FD6600DA056C /* mineChatTests.xctest */ = {isa = PBXFileReference; explicitFileType = wrapper.cfbundle; includeInIndex = 0; path = mineChatTests.xctest; sourceTree = BUILT_PRODUCTS_DIR; };
		4B0DE4242DF6FD6600DA056C /* mineChatUITests.xctest */ = {isa = PBXFileReference; explicitFileType = wrapper.cfbundle; includeInIndex = 0; path = mineChatUITests.xctest; sourceTree = BUILT_PRODUCTS_DIR; };
/* End PBXFileReference section */

/* Begin PBXFileSystemSynchronizedRootGroup section */
		4B0DE40F2DF6FD6400DA056C /* mineChat */ = {
			isa = PBXFileSystemSynchronizedRootGroup;
			path = mineChat;
			sourceTree = "<group>";
		};
		4B0DE41D2DF6FD6600DA056C /* mineChatTests */ = {
			isa = PBXFileSystemSynchronizedRootGroup;
			path = mineChatTests;
			sourceTree = "<group>";
		};
		4B0DE4272DF6FD6600DA056C /* mineChatUITests */ = {
			isa = PBXFileSystemSynchronizedRootGroup;
			path = mineChatUITests;
			sourceTree = "<group>";
		};
/* End PBXFileSystemSynchronizedRootGroup section */

/* Begin PBXFrameworksBuildPhase section */
		4B0DE40A2DF6FD6400DA056C /* Frameworks */ = {
			isa = PBXFrameworksBuildPhase;
			buildActionMask = 2147483647;
			files = (
			);
			runOnlyForDeploymentPostprocessing = 0;
		};
		4B0DE4172DF6FD6600DA056C /* Frameworks */ = {
			isa = PBXFrameworksBuildPhase;
			buildActionMask = 2147483647;
			files = (
			);
			runOnlyForDeploymentPostprocessing = 0;
		};
		4B0DE4212DF6FD6600DA056C /* Frameworks */ = {
			isa = PBXFrameworksBuildPhase;
			buildActionMask = 2147483647;
			files = (
			);
			runOnlyForDeploymentPostprocessing = 0;
		};
/* End PBXFrameworksBuildPhase section */

/* Begin PBXGroup section */
		4B0DE4042DF6FD6400DA056C = {
			isa = PBXGroup;
			children = (
				4B0DE40F2DF6FD6400DA056C /* mineChat */,
				4B0DE41D2DF6FD6600DA056C /* mineChatTests */,
				4B0DE4272DF6FD6600DA056C /* mineChatUITests */,
				4B0DE40E2DF6FD6400DA056C /* Products */,
			);
			sourceTree = "<group>";
		};
		4B0DE40E2DF6FD6400DA056C /* Products */ = {
			isa = PBXGroup;
			children = (
				4B0DE40D2DF6FD6400DA056C /* mineChat.app */,
				4B0DE41A2DF6FD6600DA056C /* mineChatTests.xctest */,
				4B0DE4242DF6FD6600DA056C /* mineChatUITests.xctest */,
			);
			name = Products;
			sourceTree = "<group>";
		};
/* End PBXGroup section */

/* Begin PBXNativeTarget section */
		4B0DE40C2DF6FD6400DA056C /* mineChat */ = {
			isa = PBXNativeTarget;
			buildConfigurationList = 4B0DE42E2DF6FD6600DA056C /* Build configuration list for PBXNativeTarget "mineChat" */;
			buildPhases = (
				4B0DE4092DF6FD6400DA056C /* Sources */,
				4B0DE40A2DF6FD6400DA056C /* Frameworks */,
				4B0DE40B2DF6FD6400DA056C /* Resources */,
			);
			buildRules = (
			);
			dependencies = (
			);
			fileSystemSynchronizedGroups = (
				4B0DE40F2DF6FD6400DA056C /* mineChat */,
			);
			name = mineChat;
			packageProductDependencies = (
			);
			productName = mineChat;
			productReference = 4B0DE40D2DF6FD6400DA056C /* mineChat.app */;
			productType = "com.apple.product-type.application";
		};
		4B0DE4192DF6FD6600DA056C /* mineChatTests */ = {
			isa = PBXNativeTarget;
			buildConfigurationList = 4B0DE4312DF6FD6600DA056C /* Build configuration list for PBXNativeTarget "mineChatTests" */;
			buildPhases = (
				4B0DE4162DF6FD6600DA056C /* Sources */,
				4B0DE4172DF6FD6600DA056C /* Frameworks */,
				4B0DE4182DF6FD6600DA056C /* Resources */,
			);
			buildRules = (
			);
			dependencies = (
				4B0DE41C2DF6FD6600DA056C /* PBXTargetDependency */,
			);
			fileSystemSynchronizedGroups = (
				4B0DE41D2DF6FD6600DA056C /* mineChatTests */,
			);
			name = mineChatTests;
			packageProductDependencies = (
			);
			productName = mineChatTests;
			productReference = 4B0DE41A2DF6FD6600DA056C /* mineChatTests.xctest */;
			productType = "com.apple.product-type.bundle.unit-test";
		};
		4B0DE4232DF6FD6600DA056C /* mineChatUITests */ = {
			isa = PBXNativeTarget;
			buildConfigurationList = 4B0DE4342DF6FD6600DA056C /* Build configuration list for PBXNativeTarget "mineChatUITests" */;
			buildPhases = (
				4B0DE4202DF6FD6600DA056C /* Sources */,
				4B0DE4212DF6FD6600DA056C /* Frameworks */,
				4B0DE4222DF6FD6600DA056C /* Resources */,
			);
			buildRules = (
			);
			dependencies = (
				4B0DE4262DF6FD6600DA056C /* PBXTargetDependency */,
			);
			fileSystemSynchronizedGroups = (
				4B0DE4272DF6FD6600DA056C /* mineChatUITests */,
			);
			name = mineChatUITests;
			packageProductDependencies = (
			);
			productName = mineChatUITests;
			productReference = 4B0DE4242DF6FD6600DA056C /* mineChatUITests.xctest */;
			productType = "com.apple.product-type.bundle.ui-testing";
		};
/* End PBXNativeTarget section */

/* Begin PBXProject section */
		4B0DE4052DF6FD6400DA056C /* Project object */ = {
			isa = PBXProject;
			attributes = {
				BuildIndependentTargetsInParallel = 1;
				LastSwiftUpdateCheck = 1640;
				LastUpgradeCheck = 1640;
				TargetAttributes = {
					4B0DE40C2DF6FD6400DA056C = {
						CreatedOnToolsVersion = 16.4;
					};
					4B0DE4192DF6FD6600DA056C = {
						CreatedOnToolsVersion = 16.4;
						TestTargetID = 4B0DE40C2DF6FD6400DA056C;
					};
					4B0DE4232DF6FD6600DA056C = {
						CreatedOnToolsVersion = 16.4;
						TestTargetID = 4B0DE40C2DF6FD6400DA056C;
					};
				};
			};
			buildConfigurationList = 4B0DE4082DF6FD6400DA056C /* Build configuration list for PBXProject "mineChat" */;
			developmentRegion = en;
			hasScannedForEncodings = 0;
			knownRegions = (
				en,
				Base,
			);
			mainGroup = 4B0DE4042DF6FD6400DA056C;
			minimizedProjectReferenceProxies = 1;
			preferredProjectObjectVersion = 77;
			productRefGroup = 4B0DE40E2DF6FD6400DA056C /* Products */;
			projectDirPath = "";
			projectRoot = "";
			targets = (
				4B0DE40C2DF6FD6400DA056C /* mineChat */,
				4B0DE4192DF6FD6600DA056C /* mineChatTests */,
				4B0DE4232DF6FD6600DA056C /* mineChatUITests */,
			);
		};
/* End PBXProject section */

/* Begin PBXResourcesBuildPhase section */
		4B0DE40B2DF6FD6400DA056C /* Resources */ = {
			isa = PBXResourcesBuildPhase;
			buildActionMask = 2147483647;
			files = (
			);
			runOnlyForDeploymentPostprocessing = 0;
		};
		4B0DE4182DF6FD6600DA056C /* Resources */ = {
			isa = PBXResourcesBuildPhase;
			buildActionMask = 2147483647;
			files = (
			);
			runOnlyForDeploymentPostprocessing = 0;
		};
		4B0DE4222DF6FD6600DA056C /* Resources */ = {
			isa = PBXResourcesBuildPhase;
			buildActionMask = 2147483647;
			files = (
			);
			runOnlyForDeploymentPostprocessing = 0;
		};
/* End PBXResourcesBuildPhase section */

/* Begin PBXSourcesBuildPhase section */
		4B0DE4092DF6FD6400DA056C /* Sources */ = {
			isa = PBXSourcesBuildPhase;
			buildActionMask = 2147483647;
			files = (
			);
			runOnlyForDeploymentPostprocessing = 0;
		};
		4B0DE4162DF6FD6600DA056C /* Sources */ = {
			isa = PBXSourcesBuildPhase;
			buildActionMask = 2147483647;
			files = (
			);
			runOnlyForDeploymentPostprocessing = 0;
		};
		4B0DE4202DF6FD6600DA056C /* Sources */ = {
			isa = PBXSourcesBuildPhase;
			buildActionMask = 2147483647;
			files = (
			);
			runOnlyForDeploymentPostprocessing = 0;
		};
/* End PBXSourcesBuildPhase section */

/* Begin PBXTargetDependency section */
		4B0DE41C2DF6FD6600DA056C /* PBXTargetDependency */ = {
			isa = PBXTargetDependency;
			target = 4B0DE40C2DF6FD6400DA056C /* mineChat */;
			targetProxy = 4B0DE41B2DF6FD6600DA056C /* PBXContainerItemProxy */;
		};
		4B0DE4262DF6FD6600DA056C /* PBXTargetDependency */ = {
			isa = PBXTargetDependency;
			target = 4B0DE40C2DF6FD6400DA056C /* mineChat */;
			targetProxy = 4B0DE4252DF6FD6600DA056C /* PBXContainerItemProxy */;
		};
/* End PBXTargetDependency section */

/* Begin XCBuildConfiguration section */
		4B0DE42C2DF6FD6600DA056C /* Debug */ = {
			isa = XCBuildConfiguration;
			buildSettings = {
				ALWAYS_SEARCH_USER_PATHS = NO;
				ASSETCATALOG_COMPILER_GENERATE_SWIFT_ASSET_SYMBOL_EXTENSIONS = YES;
				CLANG_ANALYZER_NONNULL = YES;
				CLANG_ANALYZER_NUMBER_OBJECT_CONVERSION = YES_AGGRESSIVE;
				CLANG_CXX_LANGUAGE_STANDARD = "gnu++20";
				CLANG_ENABLE_MODULES = YES;
				CLANG_ENABLE_OBJC_ARC = YES;
				CLANG_ENABLE_OBJC_WEAK = YES;
				CLANG_WARN_BLOCK_CAPTURE_AUTORELEASING = YES;
				CLANG_WARN_BOOL_CONVERSION = YES;
				CLANG_WARN_COMMA = YES;
				CLANG_WARN_CONSTANT_CONVERSION = YES;
				CLANG_WARN_DEPRECATED_OBJC_IMPLEMENTATIONS = YES;
				CLANG_WARN_DIRECT_OBJC_ISA_USAGE = YES_ERROR;
				CLANG_WARN_DOCUMENTATION_COMMENTS = YES;
				CLANG_WARN_EMPTY_BODY = YES;
				CLANG_WARN_ENUM_CONVERSION = YES;
				CLANG_WARN_INFINITE_RECURSION = YES;
				CLANG_WARN_INT_CONVERSION = YES;
				CLANG_WARN_NON_LITERAL_NULL_CONVERSION = YES;
				CLANG_WARN_OBJC_IMPLICIT_RETAIN_SELF = YES;
				CLANG_WARN_OBJC_LITERAL_CONVERSION = YES;
				CLANG_WARN_OBJC_ROOT_CLASS = YES_ERROR;
				CLANG_WARN_QUOTED_INCLUDE_IN_FRAMEWORK_HEADER = YES;
				CLANG_WARN_RANGE_LOOP_ANALYSIS = YES;
				CLANG_WARN_STRICT_PROTOTYPES = YES;
				CLANG_WARN_SUSPICIOUS_MOVE = YES;
				CLANG_WARN_UNGUARDED_AVAILABILITY = YES_AGGRESSIVE;
				CLANG_WARN_UNREACHABLE_CODE = YES;
				CLANG_WARN__DUPLICATE_METHOD_MATCH = YES;
				COPY_PHASE_STRIP = NO;
				DEBUG_INFORMATION_FORMAT = dwarf;
				DEVELOPMENT_TEAM = YGXMN59KF3;
				ENABLE_STRICT_OBJC_MSGSEND = YES;
				ENABLE_TESTABILITY = YES;
				ENABLE_USER_SCRIPT_SANDBOXING = YES;
				GCC_C_LANGUAGE_STANDARD = gnu17;
				GCC_DYNAMIC_NO_PIC = NO;
				GCC_NO_COMMON_BLOCKS = YES;
				GCC_OPTIMIZATION_LEVEL = 0;
				GCC_PREPROCESSOR_DEFINITIONS = (
					"DEBUG=1",
					"$(inherited)",
				);
				GCC_WARN_64_TO_32_BIT_CONVERSION = YES;
				GCC_WARN_ABOUT_RETURN_TYPE = YES_ERROR;
				GCC_WARN_UNDECLARED_SELECTOR = YES;
				GCC_WARN_UNINITIALIZED_AUTOS = YES_AGGRESSIVE;
				GCC_WARN_UNUSED_FUNCTION = YES;
				GCC_WARN_UNUSED_VARIABLE = YES;
				IPHONEOS_DEPLOYMENT_TARGET = 18.5;
				LOCALIZATION_PREFERS_STRING_CATALOGS = YES;
				MTL_ENABLE_DEBUG_INFO = INCLUDE_SOURCE;
				MTL_FAST_MATH = YES;
				ONLY_ACTIVE_ARCH = YES;
				SDKROOT = iphoneos;
				SWIFT_ACTIVE_COMPILATION_CONDITIONS = "DEBUG $(inherited)";
				SWIFT_OPTIMIZATION_LEVEL = "-Onone";
			};
			name = Debug;
		};
		4B0DE42D2DF6FD6600DA056C /* Release */ = {
			isa = XCBuildConfiguration;
			buildSettings = {
				ALWAYS_SEARCH_USER_PATHS = NO;
				ASSETCATALOG_COMPILER_GENERATE_SWIFT_ASSET_SYMBOL_EXTENSIONS = YES;
				CLANG_ANALYZER_NONNULL = YES;
				CLANG_ANALYZER_NUMBER_OBJECT_CONVERSION = YES_AGGRESSIVE;
				CLANG_CXX_LANGUAGE_STANDARD = "gnu++20";
				CLANG_ENABLE_MODULES = YES;
				CLANG_ENABLE_OBJC_ARC = YES;
				CLANG_ENABLE_OBJC_WEAK = YES;
				CLANG_WARN_BLOCK_CAPTURE_AUTORELEASING = YES;
				CLANG_WARN_BOOL_CONVERSION = YES;
				CLANG_WARN_COMMA = YES;
				CLANG_WARN_CONSTANT_CONVERSION = YES;
				CLANG_WARN_DEPRECATED_OBJC_IMPLEMENTATIONS = YES;
				CLANG_WARN_DIRECT_OBJC_ISA_USAGE = YES_ERROR;
				CLANG_WARN_DOCUMENTATION_COMMENTS = YES;
				CLANG_WARN_EMPTY_BODY = YES;
				CLANG_WARN_ENUM_CONVERSION = YES;
				CLANG_WARN_INFINITE_RECURSION = YES;
				CLANG_WARN_INT_CONVERSION = YES;
				CLANG_WARN_NON_LITERAL_NULL_CONVERSION = YES;
				CLANG_WARN_OBJC_IMPLICIT_RETAIN_SELF = YES;
				CLANG_WARN_OBJC_LITERAL_CONVERSION = YES;
				CLANG_WARN_OBJC_ROOT_CLASS = YES_ERROR;
				CLANG_WARN_QUOTED_INCLUDE_IN_FRAMEWORK_HEADER = YES;
				CLANG_WARN_RANGE_LOOP_ANALYSIS = YES;
				CLANG_WARN_STRICT_PROTOTYPES = YES;
				CLANG_WARN_SUSPICIOUS_MOVE = YES;
				CLANG_WARN_UNGUARDED_AVAILABILITY = YES_AGGRESSIVE;
				CLANG_WARN_UNREACHABLE_CODE = YES;
				CLANG_WARN__DUPLICATE_METHOD_MATCH = YES;
				COPY_PHASE_STRIP = NO;
				DEBUG_INFORMATION_FORMAT = "dwarf-with-dsym";
				DEVELOPMENT_TEAM = YGXMN59KF3;
				ENABLE_NS_ASSERTIONS = NO;
				ENABLE_STRICT_OBJC_MSGSEND = YES;
				ENABLE_USER_SCRIPT_SANDBOXING = YES;
				GCC_C_LANGUAGE_STANDARD = gnu17;
				GCC_NO_COMMON_BLOCKS = YES;
				GCC_WARN_64_TO_32_BIT_CONVERSION = YES;
				GCC_WARN_ABOUT_RETURN_TYPE = YES_ERROR;
				GCC_WARN_UNDECLARED_SELECTOR = YES;
				GCC_WARN_UNINITIALIZED_AUTOS = YES_AGGRESSIVE;
				GCC_WARN_UNUSED_FUNCTION = YES;
				GCC_WARN_UNUSED_VARIABLE = YES;
				IPHONEOS_DEPLOYMENT_TARGET = 18.5;
				LOCALIZATION_PREFERS_STRING_CATALOGS = YES;
				MTL_ENABLE_DEBUG_INFO = NO;
				MTL_FAST_MATH = YES;
				SDKROOT = iphoneos;
				SWIFT_COMPILATION_MODE = wholemodule;
				VALIDATE_PRODUCT = YES;
			};
			name = Release;
		};
		4B0DE42F2DF6FD6600DA056C /* Debug */ = {
			isa = XCBuildConfiguration;
			buildSettings = {
				ASSETCATALOG_COMPILER_APPICON_NAME = AppIcon;
				ASSETCATALOG_COMPILER_GLOBAL_ACCENT_COLOR_NAME = AccentColor;
				CODE_SIGN_STYLE = Automatic;
				CURRENT_PROJECT_VERSION = 1;
				DEVELOPMENT_TEAM = YGXMN59KF3;
				ENABLE_PREVIEWS = YES;
				GENERATE_INFOPLIST_FILE = YES;
				INFOPLIST_KEY_UIApplicationSceneManifest_Generation = YES;
				INFOPLIST_KEY_UIApplicationSupportsIndirectInputEvents = YES;
				INFOPLIST_KEY_UILaunchScreen_Generation = YES;
				INFOPLIST_KEY_UISupportedInterfaceOrientations_iPad = "UIInterfaceOrientationPortrait UIInterfaceOrientationPortraitUpsideDown UIInterfaceOrientationLandscapeLeft UIInterfaceOrientationLandscapeRight";
				INFOPLIST_KEY_UISupportedInterfaceOrientations_iPhone = "UIInterfaceOrientationPortrait UIInterfaceOrientationLandscapeLeft UIInterfaceOrientationLandscapeRight";
				LD_RUNPATH_SEARCH_PATHS = (
					"$(inherited)",
					"@executable_path/Frameworks",
				);
				MARKETING_VERSION = 1.0;
				PRODUCT_BUNDLE_IDENTIFIER = SyntaxErr0r.mineChat;
				PRODUCT_NAME = "$(TARGET_NAME)";
				SWIFT_EMIT_LOC_STRINGS = YES;
				SWIFT_VERSION = 5.0;
				TARGETED_DEVICE_FAMILY = "1,2";
			};
			name = Debug;
		};
		4B0DE4302DF6FD6600DA056C /* Release */ = {
			isa = XCBuildConfiguration;
			buildSettings = {
				ASSETCATALOG_COMPILER_APPICON_NAME = AppIcon;
				ASSETCATALOG_COMPILER_GLOBAL_ACCENT_COLOR_NAME = AccentColor;
				CODE_SIGN_STYLE = Automatic;
				CURRENT_PROJECT_VERSION = 1;
				DEVELOPMENT_TEAM = YGXMN59KF3;
				ENABLE_PREVIEWS = YES;
				GENERATE_INFOPLIST_FILE = YES;
				INFOPLIST_KEY_UIApplicationSceneManifest_Generation = YES;
				INFOPLIST_KEY_UIApplicationSupportsIndirectInputEvents = YES;
				INFOPLIST_KEY_UILaunchScreen_Generation = YES;
				INFOPLIST_KEY_UISupportedInterfaceOrientations_iPad = "UIInterfaceOrientationPortrait UIInterfaceOrientationPortraitUpsideDown UIInterfaceOrientationLandscapeLeft UIInterfaceOrientationLandscapeRight";
				INFOPLIST_KEY_UISupportedInterfaceOrientations_iPhone = "UIInterfaceOrientationPortrait UIInterfaceOrientationLandscapeLeft UIInterfaceOrientationLandscapeRight";
				LD_RUNPATH_SEARCH_PATHS = (
					"$(inherited)",
					"@executable_path/Frameworks",
				);
				MARKETING_VERSION = 1.0;
				PRODUCT_BUNDLE_IDENTIFIER = SyntaxErr0r.mineChat;
				PRODUCT_NAME = "$(TARGET_NAME)";
				SWIFT_EMIT_LOC_STRINGS = YES;
				SWIFT_VERSION = 5.0;
				TARGETED_DEVICE_FAMILY = "1,2";
			};
			name = Release;
		};
		4B0DE4322DF6FD6600DA056C /* Debug */ = {
			isa = XCBuildConfiguration;
			buildSettings = {
				BUNDLE_LOADER = "$(TEST_HOST)";
				CODE_SIGN_STYLE = Automatic;
				CURRENT_PROJECT_VERSION = 1;
				DEVELOPMENT_TEAM = YGXMN59KF3;
				GENERATE_INFOPLIST_FILE = YES;
				IPHONEOS_DEPLOYMENT_TARGET = 18.5;
				MARKETING_VERSION = 1.0;
				PRODUCT_BUNDLE_IDENTIFIER = SyntaxErr0r.mineChatTests;
				PRODUCT_NAME = "$(TARGET_NAME)";
				SWIFT_EMIT_LOC_STRINGS = NO;
				SWIFT_VERSION = 5.0;
				TARGETED_DEVICE_FAMILY = "1,2";
				TEST_HOST = "$(BUILT_PRODUCTS_DIR)/mineChat.app/$(BUNDLE_EXECUTABLE_FOLDER_PATH)/mineChat";
			};
			name = Debug;
		};
		4B0DE4332DF6FD6600DA056C /* Release */ = {
			isa = XCBuildConfiguration;
			buildSettings = {
				BUNDLE_LOADER = "$(TEST_HOST)";
				CODE_SIGN_STYLE = Automatic;
				CURRENT_PROJECT_VERSION = 1;
				DEVELOPMENT_TEAM = YGXMN59KF3;
				GENERATE_INFOPLIST_FILE = YES;
				IPHONEOS_DEPLOYMENT_TARGET = 18.5;
				MARKETING_VERSION = 1.0;
				PRODUCT_BUNDLE_IDENTIFIER = SyntaxErr0r.mineChatTests;
				PRODUCT_NAME = "$(TARGET_NAME)";
				SWIFT_EMIT_LOC_STRINGS = NO;
				SWIFT_VERSION = 5.0;
				TARGETED_DEVICE_FAMILY = "1,2";
				TEST_HOST = "$(BUILT_PRODUCTS_DIR)/mineChat.app/$(BUNDLE_EXECUTABLE_FOLDER_PATH)/mineChat";
			};
			name = Release;
		};
		4B0DE4352DF6FD6600DA056C /* Debug */ = {
			isa = XCBuildConfiguration;
			buildSettings = {
				CODE_SIGN_STYLE = Automatic;
				CURRENT_PROJECT_VERSION = 1;
				DEVELOPMENT_TEAM = YGXMN59KF3;
				GENERATE_INFOPLIST_FILE = YES;
				MARKETING_VERSION = 1.0;
				PRODUCT_BUNDLE_IDENTIFIER = SyntaxErr0r.mineChatUITests;
				PRODUCT_NAME = "$(TARGET_NAME)";
				SWIFT_EMIT_LOC_STRINGS = NO;
				SWIFT_VERSION = 5.0;
				TARGETED_DEVICE_FAMILY = "1,2";
				TEST_TARGET_NAME = mineChat;
			};
			name = Debug;
		};
		4B0DE4362DF6FD6600DA056C /* Release */ = {
			isa = XCBuildConfiguration;
			buildSettings = {
				CODE_SIGN_STYLE = Automatic;
				CURRENT_PROJECT_VERSION = 1;
				DEVELOPMENT_TEAM = YGXMN59KF3;
				GENERATE_INFOPLIST_FILE = YES;
				MARKETING_VERSION = 1.0;
				PRODUCT_BUNDLE_IDENTIFIER = SyntaxErr0r.mineChatUITests;
				PRODUCT_NAME = "$(TARGET_NAME)";
				SWIFT_EMIT_LOC_STRINGS = NO;
				SWIFT_VERSION = 5.0;
				TARGETED_DEVICE_FAMILY = "1,2";
				TEST_TARGET_NAME = mineChat;
			};
			name = Release;
		};
/* End XCBuildConfiguration section */

/* Begin XCConfigurationList section */
		4B0DE4082DF6FD6400DA056C /* Build configuration list for PBXProject "mineChat" */ = {
			isa = XCConfigurationList;
			buildConfigurations = (
				4B0DE42C2DF6FD6600DA056C /* Debug */,
				4B0DE42D2DF6FD6600DA056C /* Release */,
			);
			defaultConfigurationIsVisible = 0;
			defaultConfigurationName = Release;
		};
		4B0DE42E2DF6FD6600DA056C /* Build configuration list for PBXNativeTarget "mineChat" */ = {
			isa = XCConfigurationList;
			buildConfigurations = (
				4B0DE42F2DF6FD6600DA056C /* Debug */,
				4B0DE4302DF6FD6600DA056C /* Release */,
			);
			defaultConfigurationIsVisible = 0;
			defaultConfigurationName = Release;
		};
		4B0DE4312DF6FD6600DA056C /* Build configuration list for PBXNativeTarget "mineChatTests" */ = {
			isa = XCConfigurationList;
			buildConfigurations = (
				4B0DE4322DF6FD6600DA056C /* Debug */,
				4B0DE4332DF6FD6600DA056C /* Release */,
			);
			defaultConfigurationIsVisible = 0;
			defaultConfigurationName = Release;
		};
		4B0DE4342DF6FD6600DA056C /* Build configuration list for PBXNativeTarget "mineChatUITests" */ = {
			isa = XCConfigurationList;
			buildConfigurations = (
				4B0DE4352DF6FD6600DA056C /* Debug */,
				4B0DE4362DF6FD6600DA056C /* Release */,
			);
			defaultConfigurationIsVisible = 0;
			defaultConfigurationName = Release;
		};
/* End XCConfigurationList section */
	};
	rootObject = 4B0DE4052DF6FD6400DA056C /* Project object */;
}
